<?xml version="1.0" encoding="utf-8"?>
<Project ToolsVersion="4.0" xmlns="http://schemas.microsoft.com/developer/msbuild/2003">
  <ItemGroup>
    <Filter Include="Source Files">
      <UniqueIdentifier>{4FC737F1-C7A5-4376-A066-2A32D752A2FF}</UniqueIdentifier>
      <Extensions>cpp;c;cc;cxx;c++;cppm;ixx;def;odl;idl;hpj;bat;asm;asmx</Extensions>
    </Filter>
    <Filter Include="Header Files">
      <UniqueIdentifier>{93995380-89BD-4b04-88EB-625FBE52EBFB}</UniqueIdentifier>
      <Extensions>h;hh;hpp;hxx;h++;hm;inl;inc;ipp;xsd</Extensions>
    </Filter>
    <Filter Include="Resource Files">
      <UniqueIdentifier>{67DA6AB6-F800-4c08-8B7A-83BB121AAD01}</UniqueIdentifier>
      <Extensions>rc;ico;cur;bmp;dlg;rc2;rct;bin;rgs;gif;jpg;jpeg;jpe;resx;tiff;tif;png;wav;mfcribbon-ms</Extensions>
    </Filter>
    <Filter Include="Source Files\screens">
      <UniqueIdentifier>{009609bc-ed04-4a56-8b37-2e99e4c9a897}</UniqueIdentifier>
    </Filter>
    <Filter Include="Source Files\widgets">
      <UniqueIdentifier>{d1575e4a-26ad-4d6f-a0af-3d8be8e03589}</UniqueIdentifier>
    </Filter>
    <Filter Include="Source Files\helper">
      <UniqueIdentifier>{2f8721eb-c2fc-4e9d-b546-54c47dd769f2}</UniqueIdentifier>
    </Filter>
  </ItemGroup>
  <ItemGroup>
    <ClInclude Include="BKAVChat.h">
      <Filter>Header Files</Filter>
    </ClInclude>
    <ClInclude Include="CLoginView.h">
      <Filter>Header Files</Filter>
    </ClInclude>
    <ClInclude Include="framework.h">
      <Filter>Header Files</Filter>
    </ClInclude>
    <ClInclude Include="targetver.h">
      <Filter>Header Files</Filter>
    </ClInclude>
    <ClInclude Include="Resource.h">
      <Filter>Header Files</Filter>
    </ClInclude>
    <ClInclude Include="pch.h">
      <Filter>Header Files</Filter>
    </ClInclude>
    <ClInclude Include="CRegisterView.h">
      <Filter>Header Files</Filter>
    </ClInclude>
    <ClInclude Include="CHomeView.h">
      <Filter>Header Files</Filter>
    </ClInclude>
    <ClInclude Include="CChatView.h">
      <Filter>Header Files</Filter>
    </ClInclude>
    <ClInclude Include="CListFriend.h">
      <Filter>Header Files</Filter>
    </ClInclude>
    <ClInclude Include="CListMessage.h">
      <Filter>Header Files</Filter>
    </ClInclude>
    <ClInclude Include="FileManager.h">
      <Filter>Header Files</Filter>
    </ClInclude>
    <ClInclude Include="json.hpp">
      <Filter>Header Files</Filter>
    </ClInclude>
    <ClInclude Include="APIHelper.h">
      <Filter>Header Files</Filter>
    </ClInclude>
    <ClInclude Include="GlobalParam.h">
      <Filter>Header Files</Filter>
    </ClInclude>
    <ClInclude Include="WindowMessageCustome.h">
      <Filter>Header Files</Filter>
    </ClInclude>
    <ClInclude Include="MessageHelper.h">
      <Filter>Header Files</Filter>
    </ClInclude>
    <ClInclude Include="CalcHelper.h">
      <Filter>Header Files</Filter>
    </ClInclude>
    <ClInclude Include="CCButton.h">
      <Filter>Header Files</Filter>
    </ClInclude>
    <ClInclude Include="Entities.h">
      <Filter>Header Files</Filter>
    </ClInclude>
    <ClInclude Include="DatabaseManager.h">
      <Filter>Header Files</Filter>
    </ClInclude>
    <ClInclude Include="..\..\..\..\..\..\Downloads\sqlite-amalgamation-3500200\sqlite-amalgamation-3500200\sqlite3.h">
      <Filter>Header Files</Filter>
    </ClInclude>
  </ItemGroup>
  <ItemGroup>
    <ClCompile Include="BKAVChat.cpp">
      <Filter>Source Files</Filter>
    </ClCompile>
    <ClCompile Include="pch.cpp">
      <Filter>Source Files</Filter>
    </ClCompile>
    <ClCompile Include="CLoginView.cpp">
      <Filter>Source Files\screens</Filter>
    </ClCompile>
    <ClCompile Include="CRegisterView.cpp">
      <Filter>Source Files\screens</Filter>
    </ClCompile>
    <ClCompile Include="CHomeView.cpp">
      <Filter>Source Files\screens</Filter>
    </ClCompile>
    <ClCompile Include="CChatView.cpp">
      <Filter>Source Files\screens</Filter>
    </ClCompile>
    <ClCompile Include="CListFriend.cpp">
      <Filter>Source Files\widgets</Filter>
    </ClCompile>
    <ClCompile Include="CListMessage.cpp">
      <Filter>Source Files\widgets</Filter>
    </ClCompile>
    <ClCompile Include="MessageHelper.cpp">
      <Filter>Source Files\helper</Filter>
    </ClCompile>
    <ClCompile Include="GlobalParam.cpp">
      <Filter>Source Files\helper</Filter>
    </ClCompile>
    <ClCompile Include="APIHelper.cpp">
      <Filter>Source Files\helper</Filter>
    </ClCompile>
    <ClCompile Include="FIleManager.cpp">
      <Filter>Source Files\helper</Filter>
    </ClCompile>
    <ClCompile Include="CalcHelper.cpp">
      <Filter>Source Files\helper</Filter>
    </ClCompile>
    <ClCompile Include="CCButton.cpp">
      <Filter>Source Files\widgets</Filter>
    </ClCompile>
    <ClCompile Include="DatabaseManager.cpp">
      <Filter>Source Files</Filter>
    </ClCompile>
    <ClCompile Include="..\..\..\..\..\..\Downloads\sqlite-amalgamation-3500200\sqlite-amalgamation-3500200\sqlite3.c">
      <Filter>Source Files</Filter>
    </ClCompile>
  </ItemGroup>
  <ItemGroup>
    <ResourceCompile Include="BKAVChat.rc">
      <Filter>Resource Files</Filter>
    </ResourceCompile>
  </ItemGroup>
  <ItemGroup>
    <None Include="res\BKAVChat.rc2">
      <Filter>Resource Files</Filter>
    </None>
  </ItemGroup>
  <ItemGroup>
    <Image Include="res\BKAVChat.ico">
      <Filter>Resource Files</Filter>
    </Image>
  </ItemGroup>
</Project>